
Microsoft Visual Studio Solution File, Format Version 12.00
# Visual Studio Version 17
VisualStudioVersion = 17.9.34321.82
MinimumVisualStudioVersion = 10.0.40219.1
Project("{9A19103F-16F7-4668-BE54-9A1E7A4F7556}") = "Invoices.Client", "src\Invoices.Client\Invoices.Client.csproj", "{8D461CAC-74C6-413B-8025-DF168ABF37ED}"
EndProject
Project("{9A19103F-16F7-4668-BE54-9A1E7A4F7556}") = "Invoices.Server", "src\Invoices.Server\Invoices.Server.csproj", "{5C8322DD-473D-4E03-99EA-D4F1EF351134}"
EndProject
Project("{9A19103F-16F7-4668-BE54-9A1E7A4F7556}") = "Invoices.Core", "src\Invoices.Core\Invoices.Core.csproj", "{C0313BC8-943A-4250-ACA9-B3CDBFD1EFA0}"
EndProject
Project("{9A19103F-16F7-4668-BE54-9A1E7A4F7556}") = "Invoices.Application", "src\Invoices.Application\Invoices.Application.csproj", "{0A462E9C-7DE5-436F-8F3E-1AF4A40FD666}"
EndProject
Project("{9A19103F-16F7-4668-BE54-9A1E7A4F7556}") = "Invoices.Infrastructure", "src\Invoices.Infrastructure\Invoices.Infrastructure.csproj", "{89138344-6246-43B0-8844-33FCCB7B9F19}"
EndProject
Project("{2150E333-8FDC-42A3-9474-1A3956D46DE8}") = "server", "server", "{F51E9DA0-0012-4E9D-A0B8-BBFB7E25E00B}"
EndProject
Project("{2150E333-8FDC-42A3-9474-1A3956D46DE8}") = "src", "src", "{BCF7B470-27C6-4C88-8005-9320C95D093E}"
EndProject
Project("{2150E333-8FDC-42A3-9474-1A3956D46DE8}") = ".solution items", ".solution items", "{104257C3-DBC9-4E94-978B-9197306AFCFE}"
	ProjectSection(SolutionItems) = preProject
		.editorconfig = .editorconfig
		.gitignore = .gitignore
		Directory.Build.props = Directory.Build.props
	EndProjectSection
EndProject
Project("{2150E333-8FDC-42A3-9474-1A3956D46DE8}") = "aspire", "aspire", "{E141665C-6BF3-455C-A101-28C0C8B7D09C}"
EndProject
Project("{FAE04EC0-301F-11D3-BF4B-00C04F79EFBC}") = "Invoices.AppHost", "src\Invoices.AppHost\Invoices.AppHost.csproj", "{69EE8889-6381-45DB-B0BC-F6149E745DA2}"
EndProject
Project("{9A19103F-16F7-4668-BE54-9A1E7A4F7556}") = "Invoices.ServiceDefaults", "src\Invoices.ServiceDefaults\Invoices.ServiceDefaults.csproj", "{FFBC60A2-D6D8-4D54-BC55-BACD88C9FE99}"
EndProject
Project("{2150E333-8FDC-42A3-9474-1A3956D46DE8}") = "core", "core", "{C0441A9F-D42B-4A6E-B577-D752010D73AD}"
EndProject
Project("{2150E333-8FDC-42A3-9474-1A3956D46DE8}") = "tests", "tests", "{F76B4706-1660-4317-8F09-F968D0370D54}"
EndProject
Project("{2150E333-8FDC-42A3-9474-1A3956D46DE8}") = "client", "client", "{CBEE1092-5355-4430-8695-528957748948}"
EndProject
Project("{FAE04EC0-301F-11D3-BF4B-00C04F79EFBC}") = "Invoices.Core.Tests.Unit", "tests\Invoices.Core.Tests.Unit\Invoices.Core.Tests.Unit.csproj", "{519EA34D-1F68-4A79-BC73-0EA2717C01F0}"
EndProject
Project("{FAE04EC0-301F-11D3-BF4B-00C04F79EFBC}") = "Invoices.Core.Tests.Fakers", "tests\Invoices.Core.Tests.Fakers\Invoices.Core.Tests.Fakers.csproj", "{B403CCEF-E631-4C72-B95F-D987B0A3A1F0}"
EndProject
Global
	GlobalSection(SolutionConfigurationPlatforms) = preSolution
		Debug|Any CPU = Debug|Any CPU
		Release|Any CPU = Release|Any CPU
	EndGlobalSection
	GlobalSection(ProjectConfigurationPlatforms) = postSolution
		{8D461CAC-74C6-413B-8025-DF168ABF37ED}.Debug|Any CPU.ActiveCfg = Debug|Any CPU
		{8D461CAC-74C6-413B-8025-DF168ABF37ED}.Debug|Any CPU.Build.0 = Debug|Any CPU
		{8D461CAC-74C6-413B-8025-DF168ABF37ED}.Release|Any CPU.ActiveCfg = Release|Any CPU
		{8D461CAC-74C6-413B-8025-DF168ABF37ED}.Release|Any CPU.Build.0 = Release|Any CPU
		{5C8322DD-473D-4E03-99EA-D4F1EF351134}.Debug|Any CPU.ActiveCfg = Debug|Any CPU
		{5C8322DD-473D-4E03-99EA-D4F1EF351134}.Debug|Any CPU.Build.0 = Debug|Any CPU
		{5C8322DD-473D-4E03-99EA-D4F1EF351134}.Release|Any CPU.ActiveCfg = Release|Any CPU
		{5C8322DD-473D-4E03-99EA-D4F1EF351134}.Release|Any CPU.Build.0 = Release|Any CPU
		{C0313BC8-943A-4250-ACA9-B3CDBFD1EFA0}.Debug|Any CPU.ActiveCfg = Debug|Any CPU
		{C0313BC8-943A-4250-ACA9-B3CDBFD1EFA0}.Debug|Any CPU.Build.0 = Debug|Any CPU
		{C0313BC8-943A-4250-ACA9-B3CDBFD1EFA0}.Release|Any CPU.ActiveCfg = Release|Any CPU
		{C0313BC8-943A-4250-ACA9-B3CDBFD1EFA0}.Release|Any CPU.Build.0 = Release|Any CPU
		{0A462E9C-7DE5-436F-8F3E-1AF4A40FD666}.Debug|Any CPU.ActiveCfg = Debug|Any CPU
		{0A462E9C-7DE5-436F-8F3E-1AF4A40FD666}.Debug|Any CPU.Build.0 = Debug|Any CPU
		{0A462E9C-7DE5-436F-8F3E-1AF4A40FD666}.Release|Any CPU.ActiveCfg = Release|Any CPU
		{0A462E9C-7DE5-436F-8F3E-1AF4A40FD666}.Release|Any CPU.Build.0 = Release|Any CPU
		{89138344-6246-43B0-8844-33FCCB7B9F19}.Debug|Any CPU.ActiveCfg = Debug|Any CPU
		{89138344-6246-43B0-8844-33FCCB7B9F19}.Debug|Any CPU.Build.0 = Debug|Any CPU
		{89138344-6246-43B0-8844-33FCCB7B9F19}.Release|Any CPU.ActiveCfg = Release|Any CPU
		{89138344-6246-43B0-8844-33FCCB7B9F19}.Release|Any CPU.Build.0 = Release|Any CPU
		{69EE8889-6381-45DB-B0BC-F6149E745DA2}.Debug|Any CPU.ActiveCfg = Debug|Any CPU
		{69EE8889-6381-45DB-B0BC-F6149E745DA2}.Debug|Any CPU.Build.0 = Debug|Any CPU
		{69EE8889-6381-45DB-B0BC-F6149E745DA2}.Release|Any CPU.ActiveCfg = Release|Any CPU
		{69EE8889-6381-45DB-B0BC-F6149E745DA2}.Release|Any CPU.Build.0 = Release|Any CPU
		{FFBC60A2-D6D8-4D54-BC55-BACD88C9FE99}.Debug|Any CPU.ActiveCfg = Debug|Any CPU
		{FFBC60A2-D6D8-4D54-BC55-BACD88C9FE99}.Debug|Any CPU.Build.0 = Debug|Any CPU
		{FFBC60A2-D6D8-4D54-BC55-BACD88C9FE99}.Release|Any CPU.ActiveCfg = Release|Any CPU
		{FFBC60A2-D6D8-4D54-BC55-BACD88C9FE99}.Release|Any CPU.Build.0 = Release|Any CPU
		{519EA34D-1F68-4A79-BC73-0EA2717C01F0}.Debug|Any CPU.ActiveCfg = Debug|Any CPU
		{519EA34D-1F68-4A79-BC73-0EA2717C01F0}.Debug|Any CPU.Build.0 = Debug|Any CPU
		{519EA34D-1F68-4A79-BC73-0EA2717C01F0}.Release|Any CPU.ActiveCfg = Release|Any CPU
		{519EA34D-1F68-4A79-BC73-0EA2717C01F0}.Release|Any CPU.Build.0 = Release|Any CPU
		{B403CCEF-E631-4C72-B95F-D987B0A3A1F0}.Debug|Any CPU.ActiveCfg = Debug|Any CPU
		{B403CCEF-E631-4C72-B95F-D987B0A3A1F0}.Debug|Any CPU.Build.0 = Debug|Any CPU
		{B403CCEF-E631-4C72-B95F-D987B0A3A1F0}.Release|Any CPU.ActiveCfg = Release|Any CPU
		{B403CCEF-E631-4C72-B95F-D987B0A3A1F0}.Release|Any CPU.Build.0 = Release|Any CPU
	EndGlobalSection
	GlobalSection(SolutionProperties) = preSolution
		HideSolutionNode = FALSE
	EndGlobalSection
	GlobalSection(NestedProjects) = preSolution
		{5C8322DD-473D-4E03-99EA-D4F1EF351134} = {F51E9DA0-0012-4E9D-A0B8-BBFB7E25E00B}
		{F51E9DA0-0012-4E9D-A0B8-BBFB7E25E00B} = {BCF7B470-27C6-4C88-8005-9320C95D093E}
		{E141665C-6BF3-455C-A101-28C0C8B7D09C} = {BCF7B470-27C6-4C88-8005-9320C95D093E}
		{69EE8889-6381-45DB-B0BC-F6149E745DA2} = {E141665C-6BF3-455C-A101-28C0C8B7D09C}
		{FFBC60A2-D6D8-4D54-BC55-BACD88C9FE99} = {E141665C-6BF3-455C-A101-28C0C8B7D09C}
		{C0441A9F-D42B-4A6E-B577-D752010D73AD} = {BCF7B470-27C6-4C88-8005-9320C95D093E}
		{C0313BC8-943A-4250-ACA9-B3CDBFD1EFA0} = {C0441A9F-D42B-4A6E-B577-D752010D73AD}
		{0A462E9C-7DE5-436F-8F3E-1AF4A40FD666} = {C0441A9F-D42B-4A6E-B577-D752010D73AD}
		{CBEE1092-5355-4430-8695-528957748948} = {BCF7B470-27C6-4C88-8005-9320C95D093E}
		{8D461CAC-74C6-413B-8025-DF168ABF37ED} = {CBEE1092-5355-4430-8695-528957748948}
		{89138344-6246-43B0-8844-33FCCB7B9F19} = {F51E9DA0-0012-4E9D-A0B8-BBFB7E25E00B}
		{519EA34D-1F68-4A79-BC73-0EA2717C01F0} = {F76B4706-1660-4317-8F09-F968D0370D54}
		{B403CCEF-E631-4C72-B95F-D987B0A3A1F0} = {F76B4706-1660-4317-8F09-F968D0370D54}
	EndGlobalSection
	GlobalSection(ExtensibilityGlobals) = postSolution
		SolutionGuid = {4176A379-4A03-415B-8A54-B345BFCCD1C1}
	EndGlobalSection
EndGlobal
