
Microsoft Visual Studio Solution File, Format Version 12.00
# Visual Studio Version 16
VisualStudioVersion = 16.0.31025.194
MinimumVisualStudioVersion = 10.0.40219.1
Project("{FAE04EC0-301F-11D3-BF4B-00C04F79EFBC}") = "Invoices.Client", "Invoices.Client\Invoices.Client.csproj", "{8D461CAC-74C6-413B-8025-DF168ABF37ED}"
EndProject
Project("{FAE04EC0-301F-11D3-BF4B-00C04F79EFBC}") = "Invoices.Server", "Invoices.Server\Invoices.Server.csproj", "{5C8322DD-473D-4E03-99EA-D4F1EF351134}"
EndProject
Global
	GlobalSection(SolutionConfigurationPlatforms) = preSolution
		Debug|Any CPU = Debug|Any CPU
		Release|Any CPU = Release|Any CPU
	EndGlobalSection
	GlobalSection(ProjectConfigurationPlatforms) = postSolution
		{8D461CAC-74C6-413B-8025-DF168ABF37ED}.Debug|Any CPU.ActiveCfg = Debug|Any CPU
		{8D461CAC-74C6-413B-8025-DF168ABF37ED}.Debug|Any CPU.Build.0 = Debug|Any CPU
		{8D461CAC-74C6-413B-8025-DF168ABF37ED}.Release|Any CPU.ActiveCfg = Release|Any CPU
		{8D461CAC-74C6-413B-8025-DF168ABF37ED}.Release|Any CPU.Build.0 = Release|Any CPU
		{5C8322DD-473D-4E03-99EA-D4F1EF351134}.Debug|Any CPU.ActiveCfg = Debug|Any CPU
		{5C8322DD-473D-4E03-99EA-D4F1EF351134}.Debug|Any CPU.Build.0 = Debug|Any CPU
		{5C8322DD-473D-4E03-99EA-D4F1EF351134}.Release|Any CPU.ActiveCfg = Release|Any CPU
		{5C8322DD-473D-4E03-99EA-D4F1EF351134}.Release|Any CPU.Build.0 = Release|Any CPU
	EndGlobalSection
	GlobalSection(SolutionProperties) = preSolution
		HideSolutionNode = FALSE
	EndGlobalSection
	GlobalSection(ExtensibilityGlobals) = postSolution
		SolutionGuid = {4176A379-4A03-415B-8A54-B345BFCCD1C1}
	EndGlobalSection
EndGlobal
